
Microsoft Visual Studio Solution File, Format Version 12.00
# Visual Studio 14
VisualStudioVersion = 14.0.25420.1
MinimumVisualStudioVersion = 10.0.40219.1
Project("{FAE04EC0-301F-11D3-BF4B-00C04F79EFBC}") = "Kata09_Checkout", "Kata09_Checkout\Kata09_Checkout.csproj", "{6AAC4FC3-5F93-4BB5-B6E8-663D95D62C87}"
EndProject
Project("{FAE04EC0-301F-11D3-BF4B-00C04F79EFBC}") = "Kata09_CheckoutTests", "Kata09_CheckoutTests\Kata09_CheckoutTests.csproj", "{3684ABCB-A186-424B-958C-5BAE3E2C137E}"
EndProject
Global
	GlobalSection(SolutionConfigurationPlatforms) = preSolution
		Debug|Any CPU = Debug|Any CPU
		Release|Any CPU = Release|Any CPU
	EndGlobalSection
	GlobalSection(ProjectConfigurationPlatforms) = postSolution
		{6AAC4FC3-5F93-4BB5-B6E8-663D95D62C87}.Debug|Any CPU.ActiveCfg = Debug|Any CPU
		{6AAC4FC3-5F93-4BB5-B6E8-663D95D62C87}.Debug|Any CPU.Build.0 = Debug|Any CPU
		{6AAC4FC3-5F93-4BB5-B6E8-663D95D62C87}.Release|Any CPU.ActiveCfg = Release|Any CPU
		{6AAC4FC3-5F93-4BB5-B6E8-663D95D62C87}.Release|Any CPU.Build.0 = Release|Any CPU
		{3684ABCB-A186-424B-958C-5BAE3E2C137E}.Debug|Any CPU.ActiveCfg = Debug|Any CPU
		{3684ABCB-A186-424B-958C-5BAE3E2C137E}.Debug|Any CPU.Build.0 = Debug|Any CPU
		{3684ABCB-A186-424B-958C-5BAE3E2C137E}.Release|Any CPU.ActiveCfg = Release|Any CPU
		{3684ABCB-A186-424B-958C-5BAE3E2C137E}.Release|Any CPU.Build.0 = Release|Any CPU
	EndGlobalSection
	GlobalSection(SolutionProperties) = preSolution
		HideSolutionNode = FALSE
	EndGlobalSection
EndGlobal
